
Microsoft Visual Studio Solution File, Format Version 12.00
# Visual Studio Version 17
VisualStudioVersion = 17.5.002.0
MinimumVisualStudioVersion = 10.0.40219.1
Project("{9A19103F-16F7-4668-BE54-9A1E7A4F7556}") = "bank123", "bank123\bank123.csproj", "{C6EE2E6E-E2CF-4E2F-9D1D-9877C102598A}"
EndProject
Global
	GlobalSection(SolutionConfigurationPlatforms) = preSolution
		Debug|Any CPU = Debug|Any CPU
		Release|Any CPU = Release|Any CPU
	EndGlobalSection
	GlobalSection(ProjectConfigurationPlatforms) = postSolution
		{C6EE2E6E-E2CF-4E2F-9D1D-9877C102598A}.Debug|Any CPU.ActiveCfg = Debug|Any CPU
		{C6EE2E6E-E2CF-4E2F-9D1D-9877C102598A}.Debug|Any CPU.Build.0 = Debug|Any CPU
		{C6EE2E6E-E2CF-4E2F-9D1D-9877C102598A}.Release|Any CPU.ActiveCfg = Release|Any CPU
		{C6EE2E6E-E2CF-4E2F-9D1D-9877C102598A}.Release|Any CPU.Build.0 = Release|Any CPU
	EndGlobalSection
	GlobalSection(SolutionProperties) = preSolution
		HideSolutionNode = FALSE
	EndGlobalSection
	GlobalSection(ExtensibilityGlobals) = postSolution
		SolutionGuid = {0ABD1F99-92EF-41D0-9D12-CBDBCB38CADB}
	EndGlobalSection
EndGlobal
